// !$*UTF8*$!
{
	archiveVersion = 1;
	classes = {
	};
	objectVersion = 56;
	objects = {

/* Begin PBXBuildFile section */
		344BB6F22AA7E02200C3AF22 /* llama_experiment_2App.swift in Sources */ = {isa = PBXBuildFile; fileRef = 344BB6F12AA7E02200C3AF22 /* llama_experiment_2App.swift */; };
		344BB6F42AA7E02200C3AF22 /* Persistence.swift in Sources */ = {isa = PBXBuildFile; fileRef = 344BB6F32AA7E02200C3AF22 /* Persistence.swift */; };
		344BB6F72AA7E02200C3AF22 /* llama_experiment_2.xcdatamodeld in Sources */ = {isa = PBXBuildFile; fileRef = 344BB6F52AA7E02200C3AF22 /* llama_experiment_2.xcdatamodeld */; };
		344BB6F92AA7E02200C3AF22 /* ContentView.swift in Sources */ = {isa = PBXBuildFile; fileRef = 344BB6F82AA7E02200C3AF22 /* ContentView.swift */; };
		344BB6FB2AA7E02300C3AF22 /* Assets.xcassets in Resources */ = {isa = PBXBuildFile; fileRef = 344BB6FA2AA7E02300C3AF22 /* Assets.xcassets */; };
		344BB6FF2AA7E02300C3AF22 /* Preview Assets.xcassets in Resources */ = {isa = PBXBuildFile; fileRef = 344BB6FE2AA7E02300C3AF22 /* Preview Assets.xcassets */; };
		344BB7092AA7E02300C3AF22 /* llama_experiment_2Tests.swift in Sources */ = {isa = PBXBuildFile; fileRef = 344BB7082AA7E02300C3AF22 /* llama_experiment_2Tests.swift */; };
		344BB7132AA7E02300C3AF22 /* llama_experiment_2UITests.swift in Sources */ = {isa = PBXBuildFile; fileRef = 344BB7122AA7E02300C3AF22 /* llama_experiment_2UITests.swift */; };
		344BB7152AA7E02300C3AF22 /* llama_experiment_2UITestsLaunchTests.swift in Sources */ = {isa = PBXBuildFile; fileRef = 344BB7142AA7E02300C3AF22 /* llama_experiment_2UITestsLaunchTests.swift */; };
		344BB7272AA7E11400C3AF22 /* PythonKit in Frameworks */ = {isa = PBXBuildFile; productRef = 344BB7262AA7E11400C3AF22 /* PythonKit */; };
		344BB72D2AA7E99B00C3AF22 /* Message+CoreDataClass.swift in Sources */ = {isa = PBXBuildFile; fileRef = 344BB72B2AA7E99B00C3AF22 /* Message+CoreDataClass.swift */; };
		344BB72E2AA7E99B00C3AF22 /* Message+CoreDataProperties.swift in Sources */ = {isa = PBXBuildFile; fileRef = 344BB72C2AA7E99B00C3AF22 /* Message+CoreDataProperties.swift */; };
		344BB7312AA7E9AF00C3AF22 /* Chat+CoreDataClass.swift in Sources */ = {isa = PBXBuildFile; fileRef = 344BB72F2AA7E9AF00C3AF22 /* Chat+CoreDataClass.swift */; };
		344BB7322AA7E9AF00C3AF22 /* Chat+CoreDataProperties.swift in Sources */ = {isa = PBXBuildFile; fileRef = 344BB7302AA7E9AF00C3AF22 /* Chat+CoreDataProperties.swift */; };
/* End PBXBuildFile section */

/* Begin PBXContainerItemProxy section */
		344BB7052AA7E02300C3AF22 /* PBXContainerItemProxy */ = {
			isa = PBXContainerItemProxy;
			containerPortal = 344BB6E62AA7E02200C3AF22 /* Project object */;
			proxyType = 1;
			remoteGlobalIDString = 344BB6ED2AA7E02200C3AF22;
			remoteInfo = "llama-experiment-2";
		};
		344BB70F2AA7E02300C3AF22 /* PBXContainerItemProxy */ = {
			isa = PBXContainerItemProxy;
			containerPortal = 344BB6E62AA7E02200C3AF22 /* Project object */;
			proxyType = 1;
			remoteGlobalIDString = 344BB6ED2AA7E02200C3AF22;
			remoteInfo = "llama-experiment-2";
		};
/* End PBXContainerItemProxy section */

/* Begin PBXFileReference section */
		344BB6EE2AA7E02200C3AF22 /* llama-experiment-2.app */ = {isa = PBXFileReference; explicitFileType = wrapper.application; includeInIndex = 0; path = "llama-experiment-2.app"; sourceTree = BUILT_PRODUCTS_DIR; };
		344BB6F12AA7E02200C3AF22 /* llama_experiment_2App.swift */ = {isa = PBXFileReference; lastKnownFileType = sourcecode.swift; path = llama_experiment_2App.swift; sourceTree = "<group>"; };
		344BB6F32AA7E02200C3AF22 /* Persistence.swift */ = {isa = PBXFileReference; lastKnownFileType = sourcecode.swift; path = Persistence.swift; sourceTree = "<group>"; };
		344BB6F62AA7E02200C3AF22 /* llama_experiment_2.xcdatamodel */ = {isa = PBXFileReference; lastKnownFileType = wrapper.xcdatamodel; path = llama_experiment_2.xcdatamodel; sourceTree = "<group>"; };
		344BB6F82AA7E02200C3AF22 /* ContentView.swift */ = {isa = PBXFileReference; lastKnownFileType = sourcecode.swift; path = ContentView.swift; sourceTree = "<group>"; };
		344BB6FA2AA7E02300C3AF22 /* Assets.xcassets */ = {isa = PBXFileReference; lastKnownFileType = folder.assetcatalog; path = Assets.xcassets; sourceTree = "<group>"; };
		344BB6FC2AA7E02300C3AF22 /* llama_experiment_2.entitlements */ = {isa = PBXFileReference; lastKnownFileType = text.plist.entitlements; path = llama_experiment_2.entitlements; sourceTree = "<group>"; };
		344BB6FE2AA7E02300C3AF22 /* Preview Assets.xcassets */ = {isa = PBXFileReference; lastKnownFileType = folder.assetcatalog; path = "Preview Assets.xcassets"; sourceTree = "<group>"; };
		344BB7042AA7E02300C3AF22 /* llama-experiment-2Tests.xctest */ = {isa = PBXFileReference; explicitFileType = wrapper.cfbundle; includeInIndex = 0; path = "llama-experiment-2Tests.xctest"; sourceTree = BUILT_PRODUCTS_DIR; };
		344BB7082AA7E02300C3AF22 /* llama_experiment_2Tests.swift */ = {isa = PBXFileReference; lastKnownFileType = sourcecode.swift; path = llama_experiment_2Tests.swift; sourceTree = "<group>"; };
		344BB70E2AA7E02300C3AF22 /* llama-experiment-2UITests.xctest */ = {isa = PBXFileReference; explicitFileType = wrapper.cfbundle; includeInIndex = 0; path = "llama-experiment-2UITests.xctest"; sourceTree = BUILT_PRODUCTS_DIR; };
		344BB7122AA7E02300C3AF22 /* llama_experiment_2UITests.swift */ = {isa = PBXFileReference; lastKnownFileType = sourcecode.swift; path = llama_experiment_2UITests.swift; sourceTree = "<group>"; };
		344BB7142AA7E02300C3AF22 /* llama_experiment_2UITestsLaunchTests.swift */ = {isa = PBXFileReference; lastKnownFileType = sourcecode.swift; path = llama_experiment_2UITestsLaunchTests.swift; sourceTree = "<group>"; };
		344BB72B2AA7E99B00C3AF22 /* Message+CoreDataClass.swift */ = {isa = PBXFileReference; lastKnownFileType = sourcecode.swift; path = "Message+CoreDataClass.swift"; sourceTree = "<group>"; };
		344BB72C2AA7E99B00C3AF22 /* Message+CoreDataProperties.swift */ = {isa = PBXFileReference; lastKnownFileType = sourcecode.swift; path = "Message+CoreDataProperties.swift"; sourceTree = "<group>"; };
		344BB72F2AA7E9AF00C3AF22 /* Chat+CoreDataClass.swift */ = {isa = PBXFileReference; lastKnownFileType = sourcecode.swift; name = "Chat+CoreDataClass.swift"; path = "../Chat+CoreDataClass.swift"; sourceTree = "<group>"; };
		344BB7302AA7E9AF00C3AF22 /* Chat+CoreDataProperties.swift */ = {isa = PBXFileReference; lastKnownFileType = sourcecode.swift; name = "Chat+CoreDataProperties.swift"; path = "../Chat+CoreDataProperties.swift"; sourceTree = "<group>"; };
/* End PBXFileReference section */

/* Begin PBXFrameworksBuildPhase section */
		344BB6EB2AA7E02200C3AF22 /* Frameworks */ = {
			isa = PBXFrameworksBuildPhase;
			buildActionMask = 2147483647;
			files = (
				344BB7272AA7E11400C3AF22 /* PythonKit in Frameworks */,
			);
			runOnlyForDeploymentPostprocessing = 0;
		};
		344BB7012AA7E02300C3AF22 /* Frameworks */ = {
			isa = PBXFrameworksBuildPhase;
			buildActionMask = 2147483647;
			files = (
			);
			runOnlyForDeploymentPostprocessing = 0;
		};
		344BB70B2AA7E02300C3AF22 /* Frameworks */ = {
			isa = PBXFrameworksBuildPhase;
			buildActionMask = 2147483647;
			files = (
			);
			runOnlyForDeploymentPostprocessing = 0;
		};
/* End PBXFrameworksBuildPhase section */

/* Begin PBXGroup section */
		344BB6E52AA7E02200C3AF22 = {
			isa = PBXGroup;
			children = (
				344BB7282AA7E7CA00C3AF22 /* models */,
				344BB6F02AA7E02200C3AF22 /* llama-experiment-2 */,
				344BB7072AA7E02300C3AF22 /* llama-experiment-2Tests */,
				344BB7112AA7E02300C3AF22 /* llama-experiment-2UITests */,
				344BB6EF2AA7E02200C3AF22 /* Products */,
			);
			sourceTree = "<group>";
		};
		344BB6EF2AA7E02200C3AF22 /* Products */ = {
			isa = PBXGroup;
			children = (
				344BB6EE2AA7E02200C3AF22 /* llama-experiment-2.app */,
				344BB7042AA7E02300C3AF22 /* llama-experiment-2Tests.xctest */,
				344BB70E2AA7E02300C3AF22 /* llama-experiment-2UITests.xctest */,
			);
			name = Products;
			sourceTree = "<group>";
		};
		344BB6F02AA7E02200C3AF22 /* llama-experiment-2 */ = {
			isa = PBXGroup;
			children = (
				344BB6F12AA7E02200C3AF22 /* llama_experiment_2App.swift */,
				344BB6F32AA7E02200C3AF22 /* Persistence.swift */,
				344BB6F82AA7E02200C3AF22 /* ContentView.swift */,
				344BB6FA2AA7E02300C3AF22 /* Assets.xcassets */,
				344BB6FC2AA7E02300C3AF22 /* llama_experiment_2.entitlements */,
				344BB6F52AA7E02200C3AF22 /* llama_experiment_2.xcdatamodeld */,
				344BB6FD2AA7E02300C3AF22 /* Preview Content */,
			);
			path = "llama-experiment-2";
			sourceTree = "<group>";
		};
		344BB6FD2AA7E02300C3AF22 /* Preview Content */ = {
			isa = PBXGroup;
			children = (
				344BB6FE2AA7E02300C3AF22 /* Preview Assets.xcassets */,
			);
			path = "Preview Content";
			sourceTree = "<group>";
		};
		344BB7072AA7E02300C3AF22 /* llama-experiment-2Tests */ = {
			isa = PBXGroup;
			children = (
				344BB7082AA7E02300C3AF22 /* llama_experiment_2Tests.swift */,
			);
			path = "llama-experiment-2Tests";
			sourceTree = "<group>";
		};
		344BB7112AA7E02300C3AF22 /* llama-experiment-2UITests */ = {
			isa = PBXGroup;
			children = (
				344BB7122AA7E02300C3AF22 /* llama_experiment_2UITests.swift */,
				344BB7142AA7E02300C3AF22 /* llama_experiment_2UITestsLaunchTests.swift */,
			);
			path = "llama-experiment-2UITests";
			sourceTree = "<group>";
		};
		344BB7282AA7E7CA00C3AF22 /* models */ = {
			isa = PBXGroup;
			children = (
				344BB72F2AA7E9AF00C3AF22 /* Chat+CoreDataClass.swift */,
				344BB7302AA7E9AF00C3AF22 /* Chat+CoreDataProperties.swift */,
				344BB72B2AA7E99B00C3AF22 /* Message+CoreDataClass.swift */,
				344BB72C2AA7E99B00C3AF22 /* Message+CoreDataProperties.swift */,
			);
			path = models;
			sourceTree = "<group>";
		};
/* End PBXGroup section */

/* Begin PBXNativeTarget section */
		344BB6ED2AA7E02200C3AF22 /* llama-experiment-2 */ = {
			isa = PBXNativeTarget;
			buildConfigurationList = 344BB7182AA7E02300C3AF22 /* Build configuration list for PBXNativeTarget "llama-experiment-2" */;
			buildPhases = (
				344BB6EA2AA7E02200C3AF22 /* Sources */,
				344BB6EB2AA7E02200C3AF22 /* Frameworks */,
				344BB6EC2AA7E02200C3AF22 /* Resources */,
			);
			buildRules = (
			);
			dependencies = (
			);
			name = "llama-experiment-2";
			packageProductDependencies = (
				344BB7262AA7E11400C3AF22 /* PythonKit */,
			);
			productName = "llama-experiment-2";
			productReference = 344BB6EE2AA7E02200C3AF22 /* llama-experiment-2.app */;
			productType = "com.apple.product-type.application";
		};
		344BB7032AA7E02300C3AF22 /* llama-experiment-2Tests */ = {
			isa = PBXNativeTarget;
			buildConfigurationList = 344BB71B2AA7E02300C3AF22 /* Build configuration list for PBXNativeTarget "llama-experiment-2Tests" */;
			buildPhases = (
				344BB7002AA7E02300C3AF22 /* Sources */,
				344BB7012AA7E02300C3AF22 /* Frameworks */,
				344BB7022AA7E02300C3AF22 /* Resources */,
			);
			buildRules = (
			);
			dependencies = (
				344BB7062AA7E02300C3AF22 /* PBXTargetDependency */,
			);
			name = "llama-experiment-2Tests";
			productName = "llama-experiment-2Tests";
			productReference = 344BB7042AA7E02300C3AF22 /* llama-experiment-2Tests.xctest */;
			productType = "com.apple.product-type.bundle.unit-test";
		};
		344BB70D2AA7E02300C3AF22 /* llama-experiment-2UITests */ = {
			isa = PBXNativeTarget;
			buildConfigurationList = 344BB71E2AA7E02300C3AF22 /* Build configuration list for PBXNativeTarget "llama-experiment-2UITests" */;
			buildPhases = (
				344BB70A2AA7E02300C3AF22 /* Sources */,
				344BB70B2AA7E02300C3AF22 /* Frameworks */,
				344BB70C2AA7E02300C3AF22 /* Resources */,
			);
			buildRules = (
			);
			dependencies = (
				344BB7102AA7E02300C3AF22 /* PBXTargetDependency */,
			);
			name = "llama-experiment-2UITests";
			productName = "llama-experiment-2UITests";
			productReference = 344BB70E2AA7E02300C3AF22 /* llama-experiment-2UITests.xctest */;
			productType = "com.apple.product-type.bundle.ui-testing";
		};
/* End PBXNativeTarget section */

/* Begin PBXProject section */
		344BB6E62AA7E02200C3AF22 /* Project object */ = {
			isa = PBXProject;
			attributes = {
				BuildIndependentTargetsInParallel = 1;
				LastSwiftUpdateCheck = 1430;
				LastUpgradeCheck = 1430;
				TargetAttributes = {
					344BB6ED2AA7E02200C3AF22 = {
						CreatedOnToolsVersion = 14.3.1;
					};
					344BB7032AA7E02300C3AF22 = {
						CreatedOnToolsVersion = 14.3.1;
						TestTargetID = 344BB6ED2AA7E02200C3AF22;
					};
					344BB70D2AA7E02300C3AF22 = {
						CreatedOnToolsVersion = 14.3.1;
						TestTargetID = 344BB6ED2AA7E02200C3AF22;
					};
				};
			};
			buildConfigurationList = 344BB6E92AA7E02200C3AF22 /* Build configuration list for PBXProject "llama-experiment-2" */;
			compatibilityVersion = "Xcode 14.0";
			developmentRegion = en;
			hasScannedForEncodings = 0;
			knownRegions = (
				en,
				Base,
			);
			mainGroup = 344BB6E52AA7E02200C3AF22;
			packageReferences = (
				344BB7252AA7E11400C3AF22 /* XCRemoteSwiftPackageReference "PythonKit" */,
			);
			productRefGroup = 344BB6EF2AA7E02200C3AF22 /* Products */;
			projectDirPath = "";
			projectRoot = "";
			targets = (
				344BB6ED2AA7E02200C3AF22 /* llama-experiment-2 */,
				344BB7032AA7E02300C3AF22 /* llama-experiment-2Tests */,
				344BB70D2AA7E02300C3AF22 /* llama-experiment-2UITests */,
			);
		};
/* End PBXProject section */

/* Begin PBXResourcesBuildPhase section */
		344BB6EC2AA7E02200C3AF22 /* Resources */ = {
			isa = PBXResourcesBuildPhase;
			buildActionMask = 2147483647;
			files = (
				344BB6FF2AA7E02300C3AF22 /* Preview Assets.xcassets in Resources */,
				344BB6FB2AA7E02300C3AF22 /* Assets.xcassets in Resources */,
			);
			runOnlyForDeploymentPostprocessing = 0;
		};
		344BB7022AA7E02300C3AF22 /* Resources */ = {
			isa = PBXResourcesBuildPhase;
			buildActionMask = 2147483647;
			files = (
			);
			runOnlyForDeploymentPostprocessing = 0;
		};
		344BB70C2AA7E02300C3AF22 /* Resources */ = {
			isa = PBXResourcesBuildPhase;
			buildActionMask = 2147483647;
			files = (
			);
			runOnlyForDeploymentPostprocessing = 0;
		};
/* End PBXResourcesBuildPhase section */

/* Begin PBXSourcesBuildPhase section */
		344BB6EA2AA7E02200C3AF22 /* Sources */ = {
			isa = PBXSourcesBuildPhase;
			buildActionMask = 2147483647;
			files = (
				344BB7312AA7E9AF00C3AF22 /* Chat+CoreDataClass.swift in Sources */,
				344BB6F72AA7E02200C3AF22 /* llama_experiment_2.xcdatamodeld in Sources */,
				344BB6F22AA7E02200C3AF22 /* llama_experiment_2App.swift in Sources */,
				344BB6F92AA7E02200C3AF22 /* ContentView.swift in Sources */,
				344BB6F42AA7E02200C3AF22 /* Persistence.swift in Sources */,
				344BB7322AA7E9AF00C3AF22 /* Chat+CoreDataProperties.swift in Sources */,
				344BB72E2AA7E99B00C3AF22 /* Message+CoreDataProperties.swift in Sources */,
				344BB72D2AA7E99B00C3AF22 /* Message+CoreDataClass.swift in Sources */,
			);
			runOnlyForDeploymentPostprocessing = 0;
		};
		344BB7002AA7E02300C3AF22 /* Sources */ = {
			isa = PBXSourcesBuildPhase;
			buildActionMask = 2147483647;
			files = (
				344BB7092AA7E02300C3AF22 /* llama_experiment_2Tests.swift in Sources */,
			);
			runOnlyForDeploymentPostprocessing = 0;
		};
		344BB70A2AA7E02300C3AF22 /* Sources */ = {
			isa = PBXSourcesBuildPhase;
			buildActionMask = 2147483647;
			files = (
				344BB7152AA7E02300C3AF22 /* llama_experiment_2UITestsLaunchTests.swift in Sources */,
				344BB7132AA7E02300C3AF22 /* llama_experiment_2UITests.swift in Sources */,
			);
			runOnlyForDeploymentPostprocessing = 0;
		};
/* End PBXSourcesBuildPhase section */

/* Begin PBXTargetDependency section */
		344BB7062AA7E02300C3AF22 /* PBXTargetDependency */ = {
			isa = PBXTargetDependency;
			target = 344BB6ED2AA7E02200C3AF22 /* llama-experiment-2 */;
			targetProxy = 344BB7052AA7E02300C3AF22 /* PBXContainerItemProxy */;
		};
		344BB7102AA7E02300C3AF22 /* PBXTargetDependency */ = {
			isa = PBXTargetDependency;
			target = 344BB6ED2AA7E02200C3AF22 /* llama-experiment-2 */;
			targetProxy = 344BB70F2AA7E02300C3AF22 /* PBXContainerItemProxy */;
		};
/* End PBXTargetDependency section */

/* Begin XCBuildConfiguration section */
		344BB7162AA7E02300C3AF22 /* Debug */ = {
			isa = XCBuildConfiguration;
			buildSettings = {
				ALWAYS_SEARCH_USER_PATHS = NO;
				CLANG_ANALYZER_NONNULL = YES;
				CLANG_ANALYZER_NUMBER_OBJECT_CONVERSION = YES_AGGRESSIVE;
				CLANG_CXX_LANGUAGE_STANDARD = "gnu++20";
				CLANG_ENABLE_MODULES = YES;
				CLANG_ENABLE_OBJC_ARC = YES;
				CLANG_ENABLE_OBJC_WEAK = YES;
				CLANG_WARN_BLOCK_CAPTURE_AUTORELEASING = YES;
				CLANG_WARN_BOOL_CONVERSION = YES;
				CLANG_WARN_COMMA = YES;
				CLANG_WARN_CONSTANT_CONVERSION = YES;
				CLANG_WARN_DEPRECATED_OBJC_IMPLEMENTATIONS = YES;
				CLANG_WARN_DIRECT_OBJC_ISA_USAGE = YES_ERROR;
				CLANG_WARN_DOCUMENTATION_COMMENTS = YES;
				CLANG_WARN_EMPTY_BODY = YES;
				CLANG_WARN_ENUM_CONVERSION = YES;
				CLANG_WARN_INFINITE_RECURSION = YES;
				CLANG_WARN_INT_CONVERSION = YES;
				CLANG_WARN_NON_LITERAL_NULL_CONVERSION = YES;
				CLANG_WARN_OBJC_IMPLICIT_RETAIN_SELF = YES;
				CLANG_WARN_OBJC_LITERAL_CONVERSION = YES;
				CLANG_WARN_OBJC_ROOT_CLASS = YES_ERROR;
				CLANG_WARN_QUOTED_INCLUDE_IN_FRAMEWORK_HEADER = YES;
				CLANG_WARN_RANGE_LOOP_ANALYSIS = YES;
				CLANG_WARN_STRICT_PROTOTYPES = YES;
				CLANG_WARN_SUSPICIOUS_MOVE = YES;
				CLANG_WARN_UNGUARDED_AVAILABILITY = YES_AGGRESSIVE;
				CLANG_WARN_UNREACHABLE_CODE = YES;
				CLANG_WARN__DUPLICATE_METHOD_MATCH = YES;
				COPY_PHASE_STRIP = NO;
				DEBUG_INFORMATION_FORMAT = dwarf;
				ENABLE_STRICT_OBJC_MSGSEND = YES;
				ENABLE_TESTABILITY = YES;
				GCC_C_LANGUAGE_STANDARD = gnu11;
				GCC_DYNAMIC_NO_PIC = NO;
				GCC_NO_COMMON_BLOCKS = YES;
				GCC_OPTIMIZATION_LEVEL = 0;
				GCC_PREPROCESSOR_DEFINITIONS = (
					"DEBUG=1",
					"$(inherited)",
				);
				GCC_WARN_64_TO_32_BIT_CONVERSION = YES;
				GCC_WARN_ABOUT_RETURN_TYPE = YES_ERROR;
				GCC_WARN_UNDECLARED_SELECTOR = YES;
				GCC_WARN_UNINITIALIZED_AUTOS = YES_AGGRESSIVE;
				GCC_WARN_UNUSED_FUNCTION = YES;
				GCC_WARN_UNUSED_VARIABLE = YES;
				MTL_ENABLE_DEBUG_INFO = INCLUDE_SOURCE;
				MTL_FAST_MATH = YES;
				ONLY_ACTIVE_ARCH = YES;
				SWIFT_ACTIVE_COMPILATION_CONDITIONS = DEBUG;
				SWIFT_OPTIMIZATION_LEVEL = "-Onone";
			};
			name = Debug;
		};
		344BB7172AA7E02300C3AF22 /* Release */ = {
			isa = XCBuildConfiguration;
			buildSettings = {
				ALWAYS_SEARCH_USER_PATHS = NO;
				CLANG_ANALYZER_NONNULL = YES;
				CLANG_ANALYZER_NUMBER_OBJECT_CONVERSION = YES_AGGRESSIVE;
				CLANG_CXX_LANGUAGE_STANDARD = "gnu++20";
				CLANG_ENABLE_MODULES = YES;
				CLANG_ENABLE_OBJC_ARC = YES;
				CLANG_ENABLE_OBJC_WEAK = YES;
				CLANG_WARN_BLOCK_CAPTURE_AUTORELEASING = YES;
				CLANG_WARN_BOOL_CONVERSION = YES;
				CLANG_WARN_COMMA = YES;
				CLANG_WARN_CONSTANT_CONVERSION = YES;
				CLANG_WARN_DEPRECATED_OBJC_IMPLEMENTATIONS = YES;
				CLANG_WARN_DIRECT_OBJC_ISA_USAGE = YES_ERROR;
				CLANG_WARN_DOCUMENTATION_COMMENTS = YES;
				CLANG_WARN_EMPTY_BODY = YES;
				CLANG_WARN_ENUM_CONVERSION = YES;
				CLANG_WARN_INFINITE_RECURSION = YES;
				CLANG_WARN_INT_CONVERSION = YES;
				CLANG_WARN_NON_LITERAL_NULL_CONVERSION = YES;
				CLANG_WARN_OBJC_IMPLICIT_RETAIN_SELF = YES;
				CLANG_WARN_OBJC_LITERAL_CONVERSION = YES;
				CLANG_WARN_OBJC_ROOT_CLASS = YES_ERROR;
				CLANG_WARN_QUOTED_INCLUDE_IN_FRAMEWORK_HEADER = YES;
				CLANG_WARN_RANGE_LOOP_ANALYSIS = YES;
				CLANG_WARN_STRICT_PROTOTYPES = YES;
				CLANG_WARN_SUSPICIOUS_MOVE = YES;
				CLANG_WARN_UNGUARDED_AVAILABILITY = YES_AGGRESSIVE;
				CLANG_WARN_UNREACHABLE_CODE = YES;
				CLANG_WARN__DUPLICATE_METHOD_MATCH = YES;
				COPY_PHASE_STRIP = NO;
				DEBUG_INFORMATION_FORMAT = "dwarf-with-dsym";
				ENABLE_NS_ASSERTIONS = NO;
				ENABLE_STRICT_OBJC_MSGSEND = YES;
				GCC_C_LANGUAGE_STANDARD = gnu11;
				GCC_NO_COMMON_BLOCKS = YES;
				GCC_WARN_64_TO_32_BIT_CONVERSION = YES;
				GCC_WARN_ABOUT_RETURN_TYPE = YES_ERROR;
				GCC_WARN_UNDECLARED_SELECTOR = YES;
				GCC_WARN_UNINITIALIZED_AUTOS = YES_AGGRESSIVE;
				GCC_WARN_UNUSED_FUNCTION = YES;
				GCC_WARN_UNUSED_VARIABLE = YES;
				MTL_ENABLE_DEBUG_INFO = NO;
				MTL_FAST_MATH = YES;
				SWIFT_COMPILATION_MODE = wholemodule;
				SWIFT_OPTIMIZATION_LEVEL = "-O";
			};
			name = Release;
		};
		344BB7192AA7E02300C3AF22 /* Debug */ = {
			isa = XCBuildConfiguration;
			buildSettings = {
				ASSETCATALOG_COMPILER_APPICON_NAME = AppIcon;
				ASSETCATALOG_COMPILER_GLOBAL_ACCENT_COLOR_NAME = AccentColor;
				CODE_SIGN_ENTITLEMENTS = "llama-experiment-2/llama_experiment_2.entitlements";
				CODE_SIGN_STYLE = Automatic;
				CURRENT_PROJECT_VERSION = 1;
				DEVELOPMENT_ASSET_PATHS = "\"llama-experiment-2/Preview Content\"";
				DEVELOPMENT_TEAM = 7MT63WYVUC;
				ENABLE_HARDENED_RUNTIME = YES;
				"ENABLE_HARDENED_RUNTIME[sdk=macosx*]" = YES;
				ENABLE_PREVIEWS = YES;
				GENERATE_INFOPLIST_FILE = YES;
				"INFOPLIST_KEY_UIApplicationSceneManifest_Generation[sdk=iphoneos*]" = YES;
				"INFOPLIST_KEY_UIApplicationSceneManifest_Generation[sdk=iphonesimulator*]" = YES;
				"INFOPLIST_KEY_UIApplicationSupportsIndirectInputEvents[sdk=iphoneos*]" = YES;
				"INFOPLIST_KEY_UIApplicationSupportsIndirectInputEvents[sdk=iphonesimulator*]" = YES;
				"INFOPLIST_KEY_UILaunchScreen_Generation[sdk=iphoneos*]" = YES;
				"INFOPLIST_KEY_UILaunchScreen_Generation[sdk=iphonesimulator*]" = YES;
				"INFOPLIST_KEY_UIStatusBarStyle[sdk=iphoneos*]" = UIStatusBarStyleDefault;
				"INFOPLIST_KEY_UIStatusBarStyle[sdk=iphonesimulator*]" = UIStatusBarStyleDefault;
				INFOPLIST_KEY_UISupportedInterfaceOrientations_iPad = "UIInterfaceOrientationPortrait UIInterfaceOrientationPortraitUpsideDown UIInterfaceOrientationLandscapeLeft UIInterfaceOrientationLandscapeRight";
				INFOPLIST_KEY_UISupportedInterfaceOrientations_iPhone = "UIInterfaceOrientationPortrait UIInterfaceOrientationLandscapeLeft UIInterfaceOrientationLandscapeRight";
				IPHONEOS_DEPLOYMENT_TARGET = 16.4;
				LD_RUNPATH_SEARCH_PATHS = "@executable_path/Frameworks";
				"LD_RUNPATH_SEARCH_PATHS[sdk=macosx*]" = "@executable_path/../Frameworks";
				MACOSX_DEPLOYMENT_TARGET = 13.3;
				MARKETING_VERSION = 1.0;
				PRODUCT_BUNDLE_IDENTIFIER = "dodum.llama-experiment-2";
				PRODUCT_NAME = "$(TARGET_NAME)";
				SDKROOT = auto;
				SUPPORTED_PLATFORMS = "iphoneos iphonesimulator macosx";
				SUPPORTS_MACCATALYST = NO;
				SUPPORTS_MAC_DESIGNED_FOR_IPHONE_IPAD = NO;
				SWIFT_EMIT_LOC_STRINGS = YES;
				SWIFT_VERSION = 5.0;
				TARGETED_DEVICE_FAMILY = 2;
			};
			name = Debug;
		};
		344BB71A2AA7E02300C3AF22 /* Release */ = {
			isa = XCBuildConfiguration;
			buildSettings = {
				ASSETCATALOG_COMPILER_APPICON_NAME = AppIcon;
				ASSETCATALOG_COMPILER_GLOBAL_ACCENT_COLOR_NAME = AccentColor;
				CODE_SIGN_ENTITLEMENTS = "llama-experiment-2/llama_experiment_2.entitlements";
				CODE_SIGN_STYLE = Automatic;
				CURRENT_PROJECT_VERSION = 1;
				DEVELOPMENT_ASSET_PATHS = "\"llama-experiment-2/Preview Content\"";
				DEVELOPMENT_TEAM = 7MT63WYVUC;
				ENABLE_HARDENED_RUNTIME = YES;
				"ENABLE_HARDENED_RUNTIME[sdk=macosx*]" = YES;
				ENABLE_PREVIEWS = YES;
				GENERATE_INFOPLIST_FILE = YES;
				"INFOPLIST_KEY_UIApplicationSceneManifest_Generation[sdk=iphoneos*]" = YES;
				"INFOPLIST_KEY_UIApplicationSceneManifest_Generation[sdk=iphonesimulator*]" = YES;
				"INFOPLIST_KEY_UIApplicationSupportsIndirectInputEvents[sdk=iphoneos*]" = YES;
				"INFOPLIST_KEY_UIApplicationSupportsIndirectInputEvents[sdk=iphonesimulator*]" = YES;
				"INFOPLIST_KEY_UILaunchScreen_Generation[sdk=iphoneos*]" = YES;
				"INFOPLIST_KEY_UILaunchScreen_Generation[sdk=iphonesimulator*]" = YES;
				"INFOPLIST_KEY_UIStatusBarStyle[sdk=iphoneos*]" = UIStatusBarStyleDefault;
				"INFOPLIST_KEY_UIStatusBarStyle[sdk=iphonesimulator*]" = UIStatusBarStyleDefault;
				INFOPLIST_KEY_UISupportedInterfaceOrientations_iPad = "UIInterfaceOrientationPortrait UIInterfaceOrientationPortraitUpsideDown UIInterfaceOrientationLandscapeLeft UIInterfaceOrientationLandscapeRight";
				INFOPLIST_KEY_UISupportedInterfaceOrientations_iPhone = "UIInterfaceOrientationPortrait UIInterfaceOrientationLandscapeLeft UIInterfaceOrientationLandscapeRight";
				IPHONEOS_DEPLOYMENT_TARGET = 16.4;
				LD_RUNPATH_SEARCH_PATHS = "@executable_path/Frameworks";
				"LD_RUNPATH_SEARCH_PATHS[sdk=macosx*]" = "@executable_path/../Frameworks";
				MACOSX_DEPLOYMENT_TARGET = 13.3;
				MARKETING_VERSION = 1.0;
				PRODUCT_BUNDLE_IDENTIFIER = "dodum.llama-experiment-2";
				PRODUCT_NAME = "$(TARGET_NAME)";
				SDKROOT = auto;
				SUPPORTED_PLATFORMS = "iphoneos iphonesimulator macosx";
				SUPPORTS_MACCATALYST = NO;
				SUPPORTS_MAC_DESIGNED_FOR_IPHONE_IPAD = NO;
				SWIFT_EMIT_LOC_STRINGS = YES;
				SWIFT_VERSION = 5.0;
				TARGETED_DEVICE_FAMILY = 2;
			};
			name = Release;
		};
		344BB71C2AA7E02300C3AF22 /* Debug */ = {
			isa = XCBuildConfiguration;
			buildSettings = {
				ALWAYS_EMBED_SWIFT_STANDARD_LIBRARIES = YES;
				BUNDLE_LOADER = "$(TEST_HOST)";
				CODE_SIGN_STYLE = Automatic;
				CURRENT_PROJECT_VERSION = 1;
				DEVELOPMENT_TEAM = 7MT63WYVUC;
				GENERATE_INFOPLIST_FILE = YES;
				IPHONEOS_DEPLOYMENT_TARGET = 16.4;
				MACOSX_DEPLOYMENT_TARGET = 13.3;
				MARKETING_VERSION = 1.0;
				PRODUCT_BUNDLE_IDENTIFIER = "dodum.llama-experiment-2Tests";
				PRODUCT_NAME = "$(TARGET_NAME)";
				SDKROOT = auto;
				SUPPORTED_PLATFORMS = "iphoneos iphonesimulator macosx";
				SWIFT_EMIT_LOC_STRINGS = NO;
				SWIFT_VERSION = 5.0;
				TARGETED_DEVICE_FAMILY = "1,2";
				TEST_HOST = "$(BUILT_PRODUCTS_DIR)/llama-experiment-2.app/$(BUNDLE_EXECUTABLE_FOLDER_PATH)/llama-experiment-2";
			};
			name = Debug;
		};
		344BB71D2AA7E02300C3AF22 /* Release */ = {
			isa = XCBuildConfiguration;
			buildSettings = {
				ALWAYS_EMBED_SWIFT_STANDARD_LIBRARIES = YES;
				BUNDLE_LOADER = "$(TEST_HOST)";
				CODE_SIGN_STYLE = Automatic;
				CURRENT_PROJECT_VERSION = 1;
				DEVELOPMENT_TEAM = 7MT63WYVUC;
				GENERATE_INFOPLIST_FILE = YES;
				IPHONEOS_DEPLOYMENT_TARGET = 16.4;
				MACOSX_DEPLOYMENT_TARGET = 13.3;
				MARKETING_VERSION = 1.0;
				PRODUCT_BUNDLE_IDENTIFIER = "dodum.llama-experiment-2Tests";
				PRODUCT_NAME = "$(TARGET_NAME)";
				SDKROOT = auto;
				SUPPORTED_PLATFORMS = "iphoneos iphonesimulator macosx";
				SWIFT_EMIT_LOC_STRINGS = NO;
				SWIFT_VERSION = 5.0;
				TARGETED_DEVICE_FAMILY = "1,2";
				TEST_HOST = "$(BUILT_PRODUCTS_DIR)/llama-experiment-2.app/$(BUNDLE_EXECUTABLE_FOLDER_PATH)/llama-experiment-2";
			};
			name = Release;
		};
		344BB71F2AA7E02300C3AF22 /* Debug */ = {
			isa = XCBuildConfiguration;
			buildSettings = {
				ALWAYS_EMBED_SWIFT_STANDARD_LIBRARIES = YES;
				CODE_SIGN_STYLE = Automatic;
				CURRENT_PROJECT_VERSION = 1;
				DEVELOPMENT_TEAM = 7MT63WYVUC;
				GENERATE_INFOPLIST_FILE = YES;
				IPHONEOS_DEPLOYMENT_TARGET = 16.4;
				MACOSX_DEPLOYMENT_TARGET = 13.3;
				MARKETING_VERSION = 1.0;
				PRODUCT_BUNDLE_IDENTIFIER = "dodum.llama-experiment-2UITests";
				PRODUCT_NAME = "$(TARGET_NAME)";
				SDKROOT = auto;
				SUPPORTED_PLATFORMS = "iphoneos iphonesimulator macosx";
				SWIFT_EMIT_LOC_STRINGS = NO;
				SWIFT_VERSION = 5.0;
				TARGETED_DEVICE_FAMILY = "1,2";
				TEST_TARGET_NAME = "llama-experiment-2";
			};
			name = Debug;
		};
		344BB7202AA7E02300C3AF22 /* Release */ = {
			isa = XCBuildConfiguration;
			buildSettings = {
				ALWAYS_EMBED_SWIFT_STANDARD_LIBRARIES = YES;
				CODE_SIGN_STYLE = Automatic;
				CURRENT_PROJECT_VERSION = 1;
				DEVELOPMENT_TEAM = 7MT63WYVUC;
				GENERATE_INFOPLIST_FILE = YES;
				IPHONEOS_DEPLOYMENT_TARGET = 16.4;
				MACOSX_DEPLOYMENT_TARGET = 13.3;
				MARKETING_VERSION = 1.0;
				PRODUCT_BUNDLE_IDENTIFIER = "dodum.llama-experiment-2UITests";
				PRODUCT_NAME = "$(TARGET_NAME)";
				SDKROOT = auto;
				SUPPORTED_PLATFORMS = "iphoneos iphonesimulator macosx";
				SWIFT_EMIT_LOC_STRINGS = NO;
				SWIFT_VERSION = 5.0;
				TARGETED_DEVICE_FAMILY = "1,2";
				TEST_TARGET_NAME = "llama-experiment-2";
			};
			name = Release;
		};
/* End XCBuildConfiguration section */

/* Begin XCConfigurationList section */
		344BB6E92AA7E02200C3AF22 /* Build configuration list for PBXProject "llama-experiment-2" */ = {
			isa = XCConfigurationList;
			buildConfigurations = (
				344BB7162AA7E02300C3AF22 /* Debug */,
				344BB7172AA7E02300C3AF22 /* Release */,
			);
			defaultConfigurationIsVisible = 0;
			defaultConfigurationName = Release;
		};
		344BB7182AA7E02300C3AF22 /* Build configuration list for PBXNativeTarget "llama-experiment-2" */ = {
			isa = XCConfigurationList;
			buildConfigurations = (
				344BB7192AA7E02300C3AF22 /* Debug */,
				344BB71A2AA7E02300C3AF22 /* Release */,
			);
			defaultConfigurationIsVisible = 0;
			defaultConfigurationName = Release;
		};
		344BB71B2AA7E02300C3AF22 /* Build configuration list for PBXNativeTarget "llama-experiment-2Tests" */ = {
			isa = XCConfigurationList;
			buildConfigurations = (
				344BB71C2AA7E02300C3AF22 /* Debug */,
				344BB71D2AA7E02300C3AF22 /* Release */,
			);
			defaultConfigurationIsVisible = 0;
			defaultConfigurationName = Release;
		};
		344BB71E2AA7E02300C3AF22 /* Build configuration list for PBXNativeTarget "llama-experiment-2UITests" */ = {
			isa = XCConfigurationList;
			buildConfigurations = (
				344BB71F2AA7E02300C3AF22 /* Debug */,
				344BB7202AA7E02300C3AF22 /* Release */,
			);
			defaultConfigurationIsVisible = 0;
			defaultConfigurationName = Release;
		};
/* End XCConfigurationList section */

/* Begin XCRemoteSwiftPackageReference section */
		344BB7252AA7E11400C3AF22 /* XCRemoteSwiftPackageReference "PythonKit" */ = {
			isa = XCRemoteSwiftPackageReference;
			repositoryURL = "https://github.com/pvieito/PythonKit.git";
			requirement = {
				branch = master;
				kind = branch;
			};
		};
/* End XCRemoteSwiftPackageReference section */

/* Begin XCSwiftPackageProductDependency section */
		344BB7262AA7E11400C3AF22 /* PythonKit */ = {
			isa = XCSwiftPackageProductDependency;
			package = 344BB7252AA7E11400C3AF22 /* XCRemoteSwiftPackageReference "PythonKit" */;
			productName = PythonKit;
		};
/* End XCSwiftPackageProductDependency section */

/* Begin XCVersionGroup section */
		344BB6F52AA7E02200C3AF22 /* llama_experiment_2.xcdatamodeld */ = {
			isa = XCVersionGroup;
			children = (
				344BB6F62AA7E02200C3AF22 /* llama_experiment_2.xcdatamodel */,
			);
			currentVersion = 344BB6F62AA7E02200C3AF22 /* llama_experiment_2.xcdatamodel */;
			path = llama_experiment_2.xcdatamodeld;
			sourceTree = "<group>";
			versionGroupType = wrapper.xcdatamodel;
		};
/* End XCVersionGroup section */
	};
	rootObject = 344BB6E62AA7E02200C3AF22 /* Project object */;
}
